
Microsoft Visual Studio Solution File, Format Version 12.00
# Visual Studio Version 17
VisualStudioVersion = 17.14.36511.14 d17.14
MinimumVisualStudioVersion = 10.0.40219.1
Project("{FAE04EC0-301F-11D3-BF4B-00C04F79EFBC}") = "KafkaManagerConsumer", "KafkaManagerConsumer\KafkaManagerConsumer.csproj", "{D015F7F5-59CE-4218-9570-FF07CB92C7D0}"
EndProject
Project("{FAE04EC0-301F-11D3-BF4B-00C04F79EFBC}") = "KafkaManagerConsumer.Worker", "KafkaManagerConsumer.Worker\KafkaManagerConsumer.Worker.csproj", "{A3B53088-B538-4F5A-A353-33E8077599C8}"
EndProject
Global
	GlobalSection(SolutionConfigurationPlatforms) = preSolution
		Debug|Any CPU = Debug|Any CPU
		Release|Any CPU = Release|Any CPU
	EndGlobalSection
	GlobalSection(ProjectConfigurationPlatforms) = postSolution
		{D015F7F5-59CE-4218-9570-FF07CB92C7D0}.Debug|Any CPU.ActiveCfg = Debug|Any CPU
		{D015F7F5-59CE-4218-9570-FF07CB92C7D0}.Debug|Any CPU.Build.0 = Debug|Any CPU
		{D015F7F5-59CE-4218-9570-FF07CB92C7D0}.Release|Any CPU.ActiveCfg = Release|Any CPU
		{D015F7F5-59CE-4218-9570-FF07CB92C7D0}.Release|Any CPU.Build.0 = Release|Any CPU
		{A3B53088-B538-4F5A-A353-33E8077599C8}.Debug|Any CPU.ActiveCfg = Debug|Any CPU
		{A3B53088-B538-4F5A-A353-33E8077599C8}.Debug|Any CPU.Build.0 = Debug|Any CPU
		{A3B53088-B538-4F5A-A353-33E8077599C8}.Release|Any CPU.ActiveCfg = Release|Any CPU
		{A3B53088-B538-4F5A-A353-33E8077599C8}.Release|Any CPU.Build.0 = Release|Any CPU
	EndGlobalSection
	GlobalSection(SolutionProperties) = preSolution
		HideSolutionNode = FALSE
	EndGlobalSection
	GlobalSection(ExtensibilityGlobals) = postSolution
		SolutionGuid = {620FEE79-8584-4E54-819B-72CFBEDD582D}
	EndGlobalSection
EndGlobal
